// !$*UTF8*$!
{
	archiveVersion = 1;
	classes = {
	};
	objectVersion = 50;
	objects = {

/* Begin PBXBuildFile section */
		F748D2932668763200711822 /* Lab2App.swift in Sources */ = {isa = PBXBuildFile; fileRef = F748D2922668763200711822 /* Lab2App.swift */; };
		F748D2952668763200711822 /* ContentView.swift in Sources */ = {isa = PBXBuildFile; fileRef = F748D2942668763200711822 /* ContentView.swift */; };
		F748D2972668763300711822 /* Assets.xcassets in Resources */ = {isa = PBXBuildFile; fileRef = F748D2962668763300711822 /* Assets.xcassets */; };
		F748D29A2668763300711822 /* Preview Assets.xcassets in Resources */ = {isa = PBXBuildFile; fileRef = F748D2992668763300711822 /* Preview Assets.xcassets */; };
		F748D2A52668763300711822 /* Lab2Tests.swift in Sources */ = {isa = PBXBuildFile; fileRef = F748D2A42668763300711822 /* Lab2Tests.swift */; };
		F748D2B02668763300711822 /* Lab2UITests.swift in Sources */ = {isa = PBXBuildFile; fileRef = F748D2AF2668763300711822 /* Lab2UITests.swift */; };
/* End PBXBuildFile section */

/* Begin PBXContainerItemProxy section */
		F748D2A12668763300711822 /* PBXContainerItemProxy */ = {
			isa = PBXContainerItemProxy;
			containerPortal = F748D2872668763200711822 /* Project object */;
			proxyType = 1;
			remoteGlobalIDString = F748D28E2668763200711822;
			remoteInfo = Lab2;
		};
		F748D2AC2668763300711822 /* PBXContainerItemProxy */ = {
			isa = PBXContainerItemProxy;
			containerPortal = F748D2872668763200711822 /* Project object */;
			proxyType = 1;
			remoteGlobalIDString = F748D28E2668763200711822;
			remoteInfo = Lab2;
		};
/* End PBXContainerItemProxy section */

/* Begin PBXFileReference section */
		F748D28F2668763200711822 /* Lab2.app */ = {isa = PBXFileReference; explicitFileType = wrapper.application; includeInIndex = 0; path = Lab2.app; sourceTree = BUILT_PRODUCTS_DIR; };
		F748D2922668763200711822 /* Lab2App.swift */ = {isa = PBXFileReference; lastKnownFileType = sourcecode.swift; path = Lab2App.swift; sourceTree = "<group>"; };
		F748D2942668763200711822 /* ContentView.swift */ = {isa = PBXFileReference; lastKnownFileType = sourcecode.swift; path = ContentView.swift; sourceTree = "<group>"; };
		F748D2962668763300711822 /* Assets.xcassets */ = {isa = PBXFileReference; lastKnownFileType = folder.assetcatalog; path = Assets.xcassets; sourceTree = "<group>"; };
		F748D2992668763300711822 /* Preview Assets.xcassets */ = {isa = PBXFileReference; lastKnownFileType = folder.assetcatalog; path = "Preview Assets.xcassets"; sourceTree = "<group>"; };
		F748D29B2668763300711822 /* Info.plist */ = {isa = PBXFileReference; lastKnownFileType = text.plist.xml; path = Info.plist; sourceTree = "<group>"; };
		F748D2A02668763300711822 /* Lab2Tests.xctest */ = {isa = PBXFileReference; explicitFileType = wrapper.cfbundle; includeInIndex = 0; path = Lab2Tests.xctest; sourceTree = BUILT_PRODUCTS_DIR; };
		F748D2A42668763300711822 /* Lab2Tests.swift */ = {isa = PBXFileReference; lastKnownFileType = sourcecode.swift; path = Lab2Tests.swift; sourceTree = "<group>"; };
		F748D2A62668763300711822 /* Info.plist */ = {isa = PBXFileReference; lastKnownFileType = text.plist.xml; path = Info.plist; sourceTree = "<group>"; };
		F748D2AB2668763300711822 /* Lab2UITests.xctest */ = {isa = PBXFileReference; explicitFileType = wrapper.cfbundle; includeInIndex = 0; path = Lab2UITests.xctest; sourceTree = BUILT_PRODUCTS_DIR; };
		F748D2AF2668763300711822 /* Lab2UITests.swift */ = {isa = PBXFileReference; lastKnownFileType = sourcecode.swift; path = Lab2UITests.swift; sourceTree = "<group>"; };
		F748D2B12668763300711822 /* Info.plist */ = {isa = PBXFileReference; lastKnownFileType = text.plist.xml; path = Info.plist; sourceTree = "<group>"; };
/* End PBXFileReference section */

/* Begin PBXFrameworksBuildPhase section */
		F748D28C2668763200711822 /* Frameworks */ = {
			isa = PBXFrameworksBuildPhase;
			buildActionMask = 2147483647;
			files = (
			);
			runOnlyForDeploymentPostprocessing = 0;
		};
		F748D29D2668763300711822 /* Frameworks */ = {
			isa = PBXFrameworksBuildPhase;
			buildActionMask = 2147483647;
			files = (
			);
			runOnlyForDeploymentPostprocessing = 0;
		};
		F748D2A82668763300711822 /* Frameworks */ = {
			isa = PBXFrameworksBuildPhase;
			buildActionMask = 2147483647;
			files = (
			);
			runOnlyForDeploymentPostprocessing = 0;
		};
/* End PBXFrameworksBuildPhase section */

/* Begin PBXGroup section */
		F748D2862668763200711822 = {
			isa = PBXGroup;
			children = (
				F748D2912668763200711822 /* Lab2 */,
				F748D2A32668763300711822 /* Lab2Tests */,
				F748D2AE2668763300711822 /* Lab2UITests */,
				F748D2902668763200711822 /* Products */,
			);
			sourceTree = "<group>";
		};
		F748D2902668763200711822 /* Products */ = {
			isa = PBXGroup;
			children = (
				F748D28F2668763200711822 /* Lab2.app */,
				F748D2A02668763300711822 /* Lab2Tests.xctest */,
				F748D2AB2668763300711822 /* Lab2UITests.xctest */,
			);
			name = Products;
			sourceTree = "<group>";
		};
		F748D2912668763200711822 /* Lab2 */ = {
			isa = PBXGroup;
			children = (
				F748D2922668763200711822 /* Lab2App.swift */,
				F748D2942668763200711822 /* ContentView.swift */,
				F748D2962668763300711822 /* Assets.xcassets */,
				F748D29B2668763300711822 /* Info.plist */,
				F748D2982668763300711822 /* Preview Content */,
			);
			path = Lab2;
			sourceTree = "<group>";
		};
		F748D2982668763300711822 /* Preview Content */ = {
			isa = PBXGroup;
			children = (
				F748D2992668763300711822 /* Preview Assets.xcassets */,
			);
			path = "Preview Content";
			sourceTree = "<group>";
		};
		F748D2A32668763300711822 /* Lab2Tests */ = {
			isa = PBXGroup;
			children = (
				F748D2A42668763300711822 /* Lab2Tests.swift */,
				F748D2A62668763300711822 /* Info.plist */,
			);
			path = Lab2Tests;
			sourceTree = "<group>";
		};
		F748D2AE2668763300711822 /* Lab2UITests */ = {
			isa = PBXGroup;
			children = (
				F748D2AF2668763300711822 /* Lab2UITests.swift */,
				F748D2B12668763300711822 /* Info.plist */,
			);
			path = Lab2UITests;
			sourceTree = "<group>";
		};
/* End PBXGroup section */

/* Begin PBXNativeTarget section */
		F748D28E2668763200711822 /* Lab2 */ = {
			isa = PBXNativeTarget;
			buildConfigurationList = F748D2B42668763300711822 /* Build configuration list for PBXNativeTarget "Lab2" */;
			buildPhases = (
				F748D28B2668763200711822 /* Sources */,
				F748D28C2668763200711822 /* Frameworks */,
				F748D28D2668763200711822 /* Resources */,
			);
			buildRules = (
			);
			dependencies = (
			);
			name = Lab2;
			productName = Lab2;
			productReference = F748D28F2668763200711822 /* Lab2.app */;
			productType = "com.apple.product-type.application";
		};
		F748D29F2668763300711822 /* Lab2Tests */ = {
			isa = PBXNativeTarget;
			buildConfigurationList = F748D2B72668763300711822 /* Build configuration list for PBXNativeTarget "Lab2Tests" */;
			buildPhases = (
				F748D29C2668763300711822 /* Sources */,
				F748D29D2668763300711822 /* Frameworks */,
				F748D29E2668763300711822 /* Resources */,
			);
			buildRules = (
			);
			dependencies = (
				F748D2A22668763300711822 /* PBXTargetDependency */,
			);
			name = Lab2Tests;
			productName = Lab2Tests;
			productReference = F748D2A02668763300711822 /* Lab2Tests.xctest */;
			productType = "com.apple.product-type.bundle.unit-test";
		};
		F748D2AA2668763300711822 /* Lab2UITests */ = {
			isa = PBXNativeTarget;
			buildConfigurationList = F748D2BA2668763300711822 /* Build configuration list for PBXNativeTarget "Lab2UITests" */;
			buildPhases = (
				F748D2A72668763300711822 /* Sources */,
				F748D2A82668763300711822 /* Frameworks */,
				F748D2A92668763300711822 /* Resources */,
			);
			buildRules = (
			);
			dependencies = (
				F748D2AD2668763300711822 /* PBXTargetDependency */,
			);
			name = Lab2UITests;
			productName = Lab2UITests;
			productReference = F748D2AB2668763300711822 /* Lab2UITests.xctest */;
			productType = "com.apple.product-type.bundle.ui-testing";
		};
/* End PBXNativeTarget section */

/* Begin PBXProject section */
		F748D2872668763200711822 /* Project object */ = {
			isa = PBXProject;
			attributes = {
				LastSwiftUpdateCheck = 1250;
				LastUpgradeCheck = 1250;
				TargetAttributes = {
					F748D28E2668763200711822 = {
						CreatedOnToolsVersion = 12.5;
					};
					F748D29F2668763300711822 = {
						CreatedOnToolsVersion = 12.5;
						TestTargetID = F748D28E2668763200711822;
					};
					F748D2AA2668763300711822 = {
						CreatedOnToolsVersion = 12.5;
						TestTargetID = F748D28E2668763200711822;
					};
				};
			};
			buildConfigurationList = F748D28A2668763200711822 /* Build configuration list for PBXProject "Lab2" */;
			compatibilityVersion = "Xcode 9.3";
			developmentRegion = en;
			hasScannedForEncodings = 0;
			knownRegions = (
				en,
				Base,
			);
			mainGroup = F748D2862668763200711822;
			productRefGroup = F748D2902668763200711822 /* Products */;
			projectDirPath = "";
			projectRoot = "";
			targets = (
				F748D28E2668763200711822 /* Lab2 */,
				F748D29F2668763300711822 /* Lab2Tests */,
				F748D2AA2668763300711822 /* Lab2UITests */,
			);
		};
/* End PBXProject section */

/* Begin PBXResourcesBuildPhase section */
		F748D28D2668763200711822 /* Resources */ = {
			isa = PBXResourcesBuildPhase;
			buildActionMask = 2147483647;
			files = (
				F748D29A2668763300711822 /* Preview Assets.xcassets in Resources */,
				F748D2972668763300711822 /* Assets.xcassets in Resources */,
			);
			runOnlyForDeploymentPostprocessing = 0;
		};
		F748D29E2668763300711822 /* Resources */ = {
			isa = PBXResourcesBuildPhase;
			buildActionMask = 2147483647;
			files = (
			);
			runOnlyForDeploymentPostprocessing = 0;
		};
		F748D2A92668763300711822 /* Resources */ = {
			isa = PBXResourcesBuildPhase;
			buildActionMask = 2147483647;
			files = (
			);
			runOnlyForDeploymentPostprocessing = 0;
		};
/* End PBXResourcesBuildPhase section */

/* Begin PBXSourcesBuildPhase section */
		F748D28B2668763200711822 /* Sources */ = {
			isa = PBXSourcesBuildPhase;
			buildActionMask = 2147483647;
			files = (
				F748D2952668763200711822 /* ContentView.swift in Sources */,
				F748D2932668763200711822 /* Lab2App.swift in Sources */,
			);
			runOnlyForDeploymentPostprocessing = 0;
		};
		F748D29C2668763300711822 /* Sources */ = {
			isa = PBXSourcesBuildPhase;
			buildActionMask = 2147483647;
			files = (
				F748D2A52668763300711822 /* Lab2Tests.swift in Sources */,
			);
			runOnlyForDeploymentPostprocessing = 0;
		};
		F748D2A72668763300711822 /* Sources */ = {
			isa = PBXSourcesBuildPhase;
			buildActionMask = 2147483647;
			files = (
				F748D2B02668763300711822 /* Lab2UITests.swift in Sources */,
			);
			runOnlyForDeploymentPostprocessing = 0;
		};
/* End PBXSourcesBuildPhase section */

/* Begin PBXTargetDependency section */
		F748D2A22668763300711822 /* PBXTargetDependency */ = {
			isa = PBXTargetDependency;
			target = F748D28E2668763200711822 /* Lab2 */;
			targetProxy = F748D2A12668763300711822 /* PBXContainerItemProxy */;
		};
		F748D2AD2668763300711822 /* PBXTargetDependency */ = {
			isa = PBXTargetDependency;
			target = F748D28E2668763200711822 /* Lab2 */;
			targetProxy = F748D2AC2668763300711822 /* PBXContainerItemProxy */;
		};
/* End PBXTargetDependency section */

/* Begin XCBuildConfiguration section */
		F748D2B22668763300711822 /* Debug */ = {
			isa = XCBuildConfiguration;
			buildSettings = {
				ALWAYS_SEARCH_USER_PATHS = NO;
				CLANG_ANALYZER_NONNULL = YES;
				CLANG_ANALYZER_NUMBER_OBJECT_CONVERSION = YES_AGGRESSIVE;
				CLANG_CXX_LANGUAGE_STANDARD = "gnu++14";
				CLANG_CXX_LIBRARY = "libc++";
				CLANG_ENABLE_MODULES = YES;
				CLANG_ENABLE_OBJC_ARC = YES;
				CLANG_ENABLE_OBJC_WEAK = YES;
				CLANG_WARN_BLOCK_CAPTURE_AUTORELEASING = YES;
				CLANG_WARN_BOOL_CONVERSION = YES;
				CLANG_WARN_COMMA = YES;
				CLANG_WARN_CONSTANT_CONVERSION = YES;
				CLANG_WARN_DEPRECATED_OBJC_IMPLEMENTATIONS = YES;
				CLANG_WARN_DIRECT_OBJC_ISA_USAGE = YES_ERROR;
				CLANG_WARN_DOCUMENTATION_COMMENTS = YES;
				CLANG_WARN_EMPTY_BODY = YES;
				CLANG_WARN_ENUM_CONVERSION = YES;
				CLANG_WARN_INFINITE_RECURSION = YES;
				CLANG_WARN_INT_CONVERSION = YES;
				CLANG_WARN_NON_LITERAL_NULL_CONVERSION = YES;
				CLANG_WARN_OBJC_IMPLICIT_RETAIN_SELF = YES;
				CLANG_WARN_OBJC_LITERAL_CONVERSION = YES;
				CLANG_WARN_OBJC_ROOT_CLASS = YES_ERROR;
				CLANG_WARN_QUOTED_INCLUDE_IN_FRAMEWORK_HEADER = YES;
				CLANG_WARN_RANGE_LOOP_ANALYSIS = YES;
				CLANG_WARN_STRICT_PROTOTYPES = YES;
				CLANG_WARN_SUSPICIOUS_MOVE = YES;
				CLANG_WARN_UNGUARDED_AVAILABILITY = YES_AGGRESSIVE;
				CLANG_WARN_UNREACHABLE_CODE = YES;
				CLANG_WARN__DUPLICATE_METHOD_MATCH = YES;
				COPY_PHASE_STRIP = NO;
				DEBUG_INFORMATION_FORMAT = dwarf;
				ENABLE_STRICT_OBJC_MSGSEND = YES;
				ENABLE_TESTABILITY = YES;
				GCC_C_LANGUAGE_STANDARD = gnu11;
				GCC_DYNAMIC_NO_PIC = NO;
				GCC_NO_COMMON_BLOCKS = YES;
				GCC_OPTIMIZATION_LEVEL = 0;
				GCC_PREPROCESSOR_DEFINITIONS = (
					"DEBUG=1",
					"$(inherited)",
				);
				GCC_WARN_64_TO_32_BIT_CONVERSION = YES;
				GCC_WARN_ABOUT_RETURN_TYPE = YES_ERROR;
				GCC_WARN_UNDECLARED_SELECTOR = YES;
				GCC_WARN_UNINITIALIZED_AUTOS = YES_AGGRESSIVE;
				GCC_WARN_UNUSED_FUNCTION = YES;
				GCC_WARN_UNUSED_VARIABLE = YES;
				IPHONEOS_DEPLOYMENT_TARGET = 14.5;
				MTL_ENABLE_DEBUG_INFO = INCLUDE_SOURCE;
				MTL_FAST_MATH = YES;
				ONLY_ACTIVE_ARCH = YES;
				SDKROOT = iphoneos;
				SWIFT_ACTIVE_COMPILATION_CONDITIONS = DEBUG;
				SWIFT_OPTIMIZATION_LEVEL = "-Onone";
			};
			name = Debug;
		};
		F748D2B32668763300711822 /* Release */ = {
			isa = XCBuildConfiguration;
			buildSettings = {
				ALWAYS_SEARCH_USER_PATHS = NO;
				CLANG_ANALYZER_NONNULL = YES;
				CLANG_ANALYZER_NUMBER_OBJECT_CONVERSION = YES_AGGRESSIVE;
				CLANG_CXX_LANGUAGE_STANDARD = "gnu++14";
				CLANG_CXX_LIBRARY = "libc++";
				CLANG_ENABLE_MODULES = YES;
				CLANG_ENABLE_OBJC_ARC = YES;
				CLANG_ENABLE_OBJC_WEAK = YES;
				CLANG_WARN_BLOCK_CAPTURE_AUTORELEASING = YES;
				CLANG_WARN_BOOL_CONVERSION = YES;
				CLANG_WARN_COMMA = YES;
				CLANG_WARN_CONSTANT_CONVERSION = YES;
				CLANG_WARN_DEPRECATED_OBJC_IMPLEMENTATIONS = YES;
				CLANG_WARN_DIRECT_OBJC_ISA_USAGE = YES_ERROR;
				CLANG_WARN_DOCUMENTATION_COMMENTS = YES;
				CLANG_WARN_EMPTY_BODY = YES;
				CLANG_WARN_ENUM_CONVERSION = YES;
				CLANG_WARN_INFINITE_RECURSION = YES;
				CLANG_WARN_INT_CONVERSION = YES;
				CLANG_WARN_NON_LITERAL_NULL_CONVERSION = YES;
				CLANG_WARN_OBJC_IMPLICIT_RETAIN_SELF = YES;
				CLANG_WARN_OBJC_LITERAL_CONVERSION = YES;
				CLANG_WARN_OBJC_ROOT_CLASS = YES_ERROR;
				CLANG_WARN_QUOTED_INCLUDE_IN_FRAMEWORK_HEADER = YES;
				CLANG_WARN_RANGE_LOOP_ANALYSIS = YES;
				CLANG_WARN_STRICT_PROTOTYPES = YES;
				CLANG_WARN_SUSPICIOUS_MOVE = YES;
				CLANG_WARN_UNGUARDED_AVAILABILITY = YES_AGGRESSIVE;
				CLANG_WARN_UNREACHABLE_CODE = YES;
				CLANG_WARN__DUPLICATE_METHOD_MATCH = YES;
				COPY_PHASE_STRIP = NO;
				DEBUG_INFORMATION_FORMAT = "dwarf-with-dsym";
				ENABLE_NS_ASSERTIONS = NO;
				ENABLE_STRICT_OBJC_MSGSEND = YES;
				GCC_C_LANGUAGE_STANDARD = gnu11;
				GCC_NO_COMMON_BLOCKS = YES;
				GCC_WARN_64_TO_32_BIT_CONVERSION = YES;
				GCC_WARN_ABOUT_RETURN_TYPE = YES_ERROR;
				GCC_WARN_UNDECLARED_SELECTOR = YES;
				GCC_WARN_UNINITIALIZED_AUTOS = YES_AGGRESSIVE;
				GCC_WARN_UNUSED_FUNCTION = YES;
				GCC_WARN_UNUSED_VARIABLE = YES;
				IPHONEOS_DEPLOYMENT_TARGET = 14.5;
				MTL_ENABLE_DEBUG_INFO = NO;
				MTL_FAST_MATH = YES;
				SDKROOT = iphoneos;
				SWIFT_COMPILATION_MODE = wholemodule;
				SWIFT_OPTIMIZATION_LEVEL = "-O";
				VALIDATE_PRODUCT = YES;
			};
			name = Release;
		};
		F748D2B52668763300711822 /* Debug */ = {
			isa = XCBuildConfiguration;
			buildSettings = {
				ASSETCATALOG_COMPILER_APPICON_NAME = AppIcon;
				ASSETCATALOG_COMPILER_GLOBAL_ACCENT_COLOR_NAME = AccentColor;
				CODE_SIGN_STYLE = Automatic;
				DEVELOPMENT_ASSET_PATHS = "\"Lab2/Preview Content\"";
				DEVELOPMENT_TEAM = YUUW8QNH75;
				ENABLE_PREVIEWS = YES;
				INFOPLIST_FILE = Lab2/Info.plist;
				IPHONEOS_DEPLOYMENT_TARGET = 14.0;
				LD_RUNPATH_SEARCH_PATHS = (
					"$(inherited)",
					"@executable_path/Frameworks",
				);
				PRODUCT_BUNDLE_IDENTIFIER = app.example.Lab2;
				PRODUCT_NAME = "$(TARGET_NAME)";
				SWIFT_VERSION = 5.0;
				TARGETED_DEVICE_FAMILY = "1,2";
			};
			name = Debug;
		};
		F748D2B62668763300711822 /* Release */ = {
			isa = XCBuildConfiguration;
			buildSettings = {
				ASSETCATALOG_COMPILER_APPICON_NAME = AppIcon;
				ASSETCATALOG_COMPILER_GLOBAL_ACCENT_COLOR_NAME = AccentColor;
				CODE_SIGN_STYLE = Automatic;
				DEVELOPMENT_ASSET_PATHS = "\"Lab2/Preview Content\"";
				DEVELOPMENT_TEAM = YUUW8QNH75;
				ENABLE_PREVIEWS = YES;
				INFOPLIST_FILE = Lab2/Info.plist;
				IPHONEOS_DEPLOYMENT_TARGET = 14.0;
				LD_RUNPATH_SEARCH_PATHS = (
					"$(inherited)",
					"@executable_path/Frameworks",
				);
				PRODUCT_BUNDLE_IDENTIFIER = app.example.Lab2;
				PRODUCT_NAME = "$(TARGET_NAME)";
				SWIFT_VERSION = 5.0;
				TARGETED_DEVICE_FAMILY = "1,2";
			};
			name = Release;
		};
		F748D2B82668763300711822 /* Debug */ = {
			isa = XCBuildConfiguration;
			buildSettings = {
				ALWAYS_EMBED_SWIFT_STANDARD_LIBRARIES = YES;
				BUNDLE_LOADER = "$(TEST_HOST)";
				CODE_SIGN_STYLE = Automatic;
				DEVELOPMENT_TEAM = YUUW8QNH75;
				INFOPLIST_FILE = Lab2Tests/Info.plist;
				IPHONEOS_DEPLOYMENT_TARGET = 14.0;
				LD_RUNPATH_SEARCH_PATHS = (
					"$(inherited)",
					"@executable_path/Frameworks",
					"@loader_path/Frameworks",
				);
				PRODUCT_BUNDLE_IDENTIFIER = app.example.Lab2Tests;
				PRODUCT_NAME = "$(TARGET_NAME)";
				SWIFT_VERSION = 5.0;
				TARGETED_DEVICE_FAMILY = "1,2";
				TEST_HOST = "$(BUILT_PRODUCTS_DIR)/Lab2.app/Lab2";
			};
			name = Debug;
		};
		F748D2B92668763300711822 /* Release */ = {
			isa = XCBuildConfiguration;
			buildSettings = {
				ALWAYS_EMBED_SWIFT_STANDARD_LIBRARIES = YES;
				BUNDLE_LOADER = "$(TEST_HOST)";
				CODE_SIGN_STYLE = Automatic;
				DEVELOPMENT_TEAM = YUUW8QNH75;
				INFOPLIST_FILE = Lab2Tests/Info.plist;
				IPHONEOS_DEPLOYMENT_TARGET = 14.0;
				LD_RUNPATH_SEARCH_PATHS = (
					"$(inherited)",
					"@executable_path/Frameworks",
					"@loader_path/Frameworks",
				);
				PRODUCT_BUNDLE_IDENTIFIER = app.example.Lab2Tests;
				PRODUCT_NAME = "$(TARGET_NAME)";
				SWIFT_VERSION = 5.0;
				TARGETED_DEVICE_FAMILY = "1,2";
				TEST_HOST = "$(BUILT_PRODUCTS_DIR)/Lab2.app/Lab2";
			};
			name = Release;
		};
		F748D2BB2668763300711822 /* Debug */ = {
			isa = XCBuildConfiguration;
			buildSettings = {
				ALWAYS_EMBED_SWIFT_STANDARD_LIBRARIES = YES;
				CODE_SIGN_STYLE = Automatic;
				DEVELOPMENT_TEAM = YUUW8QNH75;
				INFOPLIST_FILE = Lab2UITests/Info.plist;
				LD_RUNPATH_SEARCH_PATHS = (
					"$(inherited)",
					"@executable_path/Frameworks",
					"@loader_path/Frameworks",
				);
				PRODUCT_BUNDLE_IDENTIFIER = app.example.Lab2UITests;
				PRODUCT_NAME = "$(TARGET_NAME)";
				SWIFT_VERSION = 5.0;
				TARGETED_DEVICE_FAMILY = "1,2";
				TEST_TARGET_NAME = Lab2;
			};
			name = Debug;
		};
		F748D2BC2668763300711822 /* Release */ = {
			isa = XCBuildConfiguration;
			buildSettings = {
				ALWAYS_EMBED_SWIFT_STANDARD_LIBRARIES = YES;
				CODE_SIGN_STYLE = Automatic;
				DEVELOPMENT_TEAM = YUUW8QNH75;
				INFOPLIST_FILE = Lab2UITests/Info.plist;
				LD_RUNPATH_SEARCH_PATHS = (
					"$(inherited)",
					"@executable_path/Frameworks",
					"@loader_path/Frameworks",
				);
				PRODUCT_BUNDLE_IDENTIFIER = app.example.Lab2UITests;
				PRODUCT_NAME = "$(TARGET_NAME)";
				SWIFT_VERSION = 5.0;
				TARGETED_DEVICE_FAMILY = "1,2";
				TEST_TARGET_NAME = Lab2;
			};
			name = Release;
		};
/* End XCBuildConfiguration section */

/* Begin XCConfigurationList section */
		F748D28A2668763200711822 /* Build configuration list for PBXProject "Lab2" */ = {
			isa = XCConfigurationList;
			buildConfigurations = (
				F748D2B22668763300711822 /* Debug */,
				F748D2B32668763300711822 /* Release */,
			);
			defaultConfigurationIsVisible = 0;
			defaultConfigurationName = Release;
		};
		F748D2B42668763300711822 /* Build configuration list for PBXNativeTarget "Lab2" */ = {
			isa = XCConfigurationList;
			buildConfigurations = (
				F748D2B52668763300711822 /* Debug */,
				F748D2B62668763300711822 /* Release */,
			);
			defaultConfigurationIsVisible = 0;
			defaultConfigurationName = Release;
		};
		F748D2B72668763300711822 /* Build configuration list for PBXNativeTarget "Lab2Tests" */ = {
			isa = XCConfigurationList;
			buildConfigurations = (
				F748D2B82668763300711822 /* Debug */,
				F748D2B92668763300711822 /* Release */,
			);
			defaultConfigurationIsVisible = 0;
			defaultConfigurationName = Release;
		};
		F748D2BA2668763300711822 /* Build configuration list for PBXNativeTarget "Lab2UITests" */ = {
			isa = XCConfigurationList;
			buildConfigurations = (
				F748D2BB2668763300711822 /* Debug */,
				F748D2BC2668763300711822 /* Release */,
			);
			defaultConfigurationIsVisible = 0;
			defaultConfigurationName = Release;
		};
/* End XCConfigurationList section */
	};
	rootObject = F748D2872668763200711822 /* Project object */;
}
